
Microsoft Visual Studio Solution File, Format Version 12.00
# Visual Studio Version 16
VisualStudioVersion = 16.0.29403.142
MinimumVisualStudioVersion = 10.0.40219.1
Project("{9A19103F-16F7-4668-BE54-9A1E7A4F7556}") = "G002_project_dotnet", "G002_project_dotnet\G002_project_dotnet.csproj", "{3F1B8289-684C-4D7F-AEFC-EC0FF61278F1}"
EndProject
Project("{FAE04EC0-301F-11D3-BF4B-00C04F79EFBC}") = "G002_project_dotnet.Test", "G002_project_dotnet.Test\G002_project_dotnet.Test.csproj", "{D165F59E-ABAB-404D-8A7B-1883C394BDCD}"
EndProject
Global
	GlobalSection(SolutionConfigurationPlatforms) = preSolution
		Debug|Any CPU = Debug|Any CPU
		Release|Any CPU = Release|Any CPU
	EndGlobalSection
	GlobalSection(ProjectConfigurationPlatforms) = postSolution
		{3F1B8289-684C-4D7F-AEFC-EC0FF61278F1}.Debug|Any CPU.ActiveCfg = Debug|Any CPU
		{3F1B8289-684C-4D7F-AEFC-EC0FF61278F1}.Debug|Any CPU.Build.0 = Debug|Any CPU
		{3F1B8289-684C-4D7F-AEFC-EC0FF61278F1}.Release|Any CPU.ActiveCfg = Release|Any CPU
		{3F1B8289-684C-4D7F-AEFC-EC0FF61278F1}.Release|Any CPU.Build.0 = Release|Any CPU
		{D165F59E-ABAB-404D-8A7B-1883C394BDCD}.Debug|Any CPU.ActiveCfg = Debug|Any CPU
		{D165F59E-ABAB-404D-8A7B-1883C394BDCD}.Debug|Any CPU.Build.0 = Debug|Any CPU
		{D165F59E-ABAB-404D-8A7B-1883C394BDCD}.Release|Any CPU.ActiveCfg = Release|Any CPU
		{D165F59E-ABAB-404D-8A7B-1883C394BDCD}.Release|Any CPU.Build.0 = Release|Any CPU
	EndGlobalSection
	GlobalSection(SolutionProperties) = preSolution
		HideSolutionNode = FALSE
	EndGlobalSection
	GlobalSection(ExtensibilityGlobals) = postSolution
		SolutionGuid = {66CCAD8E-41EA-414A-BCFA-4A779102FE74}
	EndGlobalSection
EndGlobal
